
Microsoft Visual Studio Solution File, Format Version 12.00
# Visual Studio Version 17
VisualStudioVersion = 17.11.35219.272
MinimumVisualStudioVersion = 10.0.40219.1
Project("{FAE04EC0-301F-11D3-BF4B-00C04F79EFBC}") = "KeyBored_ReBinder", "KeyBored_ReBinder.csproj", "{128C879F-A414-4EF2-92C3-F30D93F2F763}"
EndProject
Global
	GlobalSection(SolutionConfigurationPlatforms) = preSolution
		Debug|Any CPU = Debug|Any CPU
		Release|Any CPU = Release|Any CPU
	EndGlobalSection
	GlobalSection(ProjectConfigurationPlatforms) = postSolution
		{128C879F-A414-4EF2-92C3-F30D93F2F763}.Debug|Any CPU.ActiveCfg = Debug|Any CPU
		{128C879F-A414-4EF2-92C3-F30D93F2F763}.Debug|Any CPU.Build.0 = Debug|Any CPU
		{128C879F-A414-4EF2-92C3-F30D93F2F763}.Release|Any CPU.ActiveCfg = Release|Any CPU
		{128C879F-A414-4EF2-92C3-F30D93F2F763}.Release|Any CPU.Build.0 = Release|Any CPU
	EndGlobalSection
	GlobalSection(SolutionProperties) = preSolution
		HideSolutionNode = FALSE
	EndGlobalSection
	GlobalSection(ExtensibilityGlobals) = postSolution
		SolutionGuid = {EE2B89EF-7253-42BB-9A06-84FC2C7F7CB2}
	EndGlobalSection
EndGlobal
